// !$*UTF8*$!
{
	archiveVersion = 1;
	classes = {
	};
	objectVersion = 50;
	objects = {

/* Begin PBXBuildFile section */
		3958E933A51A70797C11A68E /* Pods_TabBarsReloj.framework in Frameworks */ = {isa = PBXBuildFile; fileRef = 539FB0CF4313DCF133E35ED7 /* Pods_TabBarsReloj.framework */; };
		DD2691C92192F32700627A77 /* AppDelegate.swift in Sources */ = {isa = PBXBuildFile; fileRef = DD2691C82192F32700627A77 /* AppDelegate.swift */; };
		DD2691D02192F32A00627A77 /* Assets.xcassets in Resources */ = {isa = PBXBuildFile; fileRef = DD2691CF2192F32A00627A77 /* Assets.xcassets */; };
		DD2691D32192F32A00627A77 /* LaunchScreen.storyboard in Resources */ = {isa = PBXBuildFile; fileRef = DD2691D12192F32A00627A77 /* LaunchScreen.storyboard */; };
		DD2691E12192F76500627A77 /* TimerViewController.swift in Sources */ = {isa = PBXBuildFile; fileRef = DD2691DF2192F76500627A77 /* TimerViewController.swift */; };
		DD2691E22192F76500627A77 /* TimerViewController.xib in Resources */ = {isa = PBXBuildFile; fileRef = DD2691E02192F76500627A77 /* TimerViewController.xib */; };
		DD2691E52192F77E00627A77 /* StopwatchViewController.swift in Sources */ = {isa = PBXBuildFile; fileRef = DD2691E32192F77E00627A77 /* StopwatchViewController.swift */; };
		DD2691E62192F77E00627A77 /* StopwatchViewController.xib in Resources */ = {isa = PBXBuildFile; fileRef = DD2691E42192F77E00627A77 /* StopwatchViewController.xib */; };
		DD2691E92192F78E00627A77 /* BedtimeViewController.swift in Sources */ = {isa = PBXBuildFile; fileRef = DD2691E72192F78E00627A77 /* BedtimeViewController.swift */; };
		DD2691EA2192F78E00627A77 /* BedtimeViewController.xib in Resources */ = {isa = PBXBuildFile; fileRef = DD2691E82192F78E00627A77 /* BedtimeViewController.xib */; };
		DD2691ED2192F79E00627A77 /* AlarmViewController.swift in Sources */ = {isa = PBXBuildFile; fileRef = DD2691EB2192F79E00627A77 /* AlarmViewController.swift */; };
		DD2691EE2192F79E00627A77 /* AlarmViewController.xib in Resources */ = {isa = PBXBuildFile; fileRef = DD2691EC2192F79E00627A77 /* AlarmViewController.xib */; };
		DD2691F12192F7B700627A77 /* WorldClockViewController.swift in Sources */ = {isa = PBXBuildFile; fileRef = DD2691EF2192F7B700627A77 /* WorldClockViewController.swift */; };
		DD2691F22192F7B700627A77 /* WorldClockViewController.xib in Resources */ = {isa = PBXBuildFile; fileRef = DD2691F02192F7B700627A77 /* WorldClockViewController.xib */; };
		DD26921621930E8A00627A77 /* Post.swift in Sources */ = {isa = PBXBuildFile; fileRef = DD26921521930E8A00627A77 /* Post.swift */; };
/* End PBXBuildFile section */

/* Begin PBXFileReference section */
		470DC11DEAD03150D533F265 /* Pods-TabBarsReloj.release.xcconfig */ = {isa = PBXFileReference; includeInIndex = 1; lastKnownFileType = text.xcconfig; name = "Pods-TabBarsReloj.release.xcconfig"; path = "Pods/Target Support Files/Pods-TabBarsReloj/Pods-TabBarsReloj.release.xcconfig"; sourceTree = "<group>"; };
		539FB0CF4313DCF133E35ED7 /* Pods_TabBarsReloj.framework */ = {isa = PBXFileReference; explicitFileType = wrapper.framework; includeInIndex = 0; path = Pods_TabBarsReloj.framework; sourceTree = BUILT_PRODUCTS_DIR; };
		DD2691C52192F32700627A77 /* TabBarsReloj.app */ = {isa = PBXFileReference; explicitFileType = wrapper.application; includeInIndex = 0; path = TabBarsReloj.app; sourceTree = BUILT_PRODUCTS_DIR; };
		DD2691C82192F32700627A77 /* AppDelegate.swift */ = {isa = PBXFileReference; lastKnownFileType = sourcecode.swift; path = AppDelegate.swift; sourceTree = "<group>"; };
		DD2691CF2192F32A00627A77 /* Assets.xcassets */ = {isa = PBXFileReference; lastKnownFileType = folder.assetcatalog; path = Assets.xcassets; sourceTree = "<group>"; };
		DD2691D22192F32A00627A77 /* Base */ = {isa = PBXFileReference; lastKnownFileType = file.storyboard; name = Base; path = Base.lproj/LaunchScreen.storyboard; sourceTree = "<group>"; };
		DD2691D42192F32A00627A77 /* Info.plist */ = {isa = PBXFileReference; lastKnownFileType = text.plist.xml; path = Info.plist; sourceTree = "<group>"; };
		DD2691DF2192F76500627A77 /* TimerViewController.swift */ = {isa = PBXFileReference; lastKnownFileType = sourcecode.swift; path = TimerViewController.swift; sourceTree = "<group>"; };
		DD2691E02192F76500627A77 /* TimerViewController.xib */ = {isa = PBXFileReference; lastKnownFileType = file.xib; path = TimerViewController.xib; sourceTree = "<group>"; };
		DD2691E32192F77E00627A77 /* StopwatchViewController.swift */ = {isa = PBXFileReference; lastKnownFileType = sourcecode.swift; path = StopwatchViewController.swift; sourceTree = "<group>"; };
		DD2691E42192F77E00627A77 /* StopwatchViewController.xib */ = {isa = PBXFileReference; lastKnownFileType = file.xib; path = StopwatchViewController.xib; sourceTree = "<group>"; };
		DD2691E72192F78E00627A77 /* BedtimeViewController.swift */ = {isa = PBXFileReference; lastKnownFileType = sourcecode.swift; path = BedtimeViewController.swift; sourceTree = "<group>"; };
		DD2691E82192F78E00627A77 /* BedtimeViewController.xib */ = {isa = PBXFileReference; lastKnownFileType = file.xib; path = BedtimeViewController.xib; sourceTree = "<group>"; };
		DD2691EB2192F79E00627A77 /* AlarmViewController.swift */ = {isa = PBXFileReference; lastKnownFileType = sourcecode.swift; path = AlarmViewController.swift; sourceTree = "<group>"; };
		DD2691EC2192F79E00627A77 /* AlarmViewController.xib */ = {isa = PBXFileReference; lastKnownFileType = file.xib; path = AlarmViewController.xib; sourceTree = "<group>"; };
		DD2691EF2192F7B700627A77 /* WorldClockViewController.swift */ = {isa = PBXFileReference; lastKnownFileType = sourcecode.swift; path = WorldClockViewController.swift; sourceTree = "<group>"; };
		DD2691F02192F7B700627A77 /* WorldClockViewController.xib */ = {isa = PBXFileReference; lastKnownFileType = file.xib; path = WorldClockViewController.xib; sourceTree = "<group>"; };
		DD26921521930E8A00627A77 /* Post.swift */ = {isa = PBXFileReference; lastKnownFileType = sourcecode.swift; path = Post.swift; sourceTree = "<group>"; };
		F1C8DD59DFAF228060D60229 /* Pods-TabBarsReloj.debug.xcconfig */ = {isa = PBXFileReference; includeInIndex = 1; lastKnownFileType = text.xcconfig; name = "Pods-TabBarsReloj.debug.xcconfig"; path = "Pods/Target Support Files/Pods-TabBarsReloj/Pods-TabBarsReloj.debug.xcconfig"; sourceTree = "<group>"; };
/* End PBXFileReference section */

/* Begin PBXFrameworksBuildPhase section */
		DD2691C22192F32700627A77 /* Frameworks */ = {
			isa = PBXFrameworksBuildPhase;
			buildActionMask = 2147483647;
			files = (
				3958E933A51A70797C11A68E /* Pods_TabBarsReloj.framework in Frameworks */,
			);
			runOnlyForDeploymentPostprocessing = 0;
		};
/* End PBXFrameworksBuildPhase section */

/* Begin PBXGroup section */
		54020B7DD8BBE608168B246B /* Pods */ = {
			isa = PBXGroup;
			children = (
				F1C8DD59DFAF228060D60229 /* Pods-TabBarsReloj.debug.xcconfig */,
				470DC11DEAD03150D533F265 /* Pods-TabBarsReloj.release.xcconfig */,
			);
			name = Pods;
			sourceTree = "<group>";
		};
		60A4FE67573F9750172733A1 /* Frameworks */ = {
			isa = PBXGroup;
			children = (
				539FB0CF4313DCF133E35ED7 /* Pods_TabBarsReloj.framework */,
			);
			name = Frameworks;
			sourceTree = "<group>";
		};
		DD2691BC2192F32700627A77 = {
			isa = PBXGroup;
			children = (
				DD2691C72192F32700627A77 /* TabBarsReloj */,
				DD2691C62192F32700627A77 /* Products */,
				54020B7DD8BBE608168B246B /* Pods */,
				60A4FE67573F9750172733A1 /* Frameworks */,
			);
			sourceTree = "<group>";
		};
		DD2691C62192F32700627A77 /* Products */ = {
			isa = PBXGroup;
			children = (
				DD2691C52192F32700627A77 /* TabBarsReloj.app */,
			);
			name = Products;
			sourceTree = "<group>";
		};
		DD2691C72192F32700627A77 /* TabBarsReloj */ = {
			isa = PBXGroup;
			children = (
				DD26921421930E6200627A77 /* Models */,
				DD2691DE2192F72600627A77 /* TimerViewController */,
				DD2691DD2192F71E00627A77 /* StopwatchViewController */,
				DD2691DC2192F71200627A77 /* BedtimeViewController */,
				DD2691DB2192F70500627A77 /* AlarmViewController */,
				DD2691DA2192F6ED00627A77 /* WorldClockViewController */,
				DD2691C82192F32700627A77 /* AppDelegate.swift */,
				DD2691CF2192F32A00627A77 /* Assets.xcassets */,
				DD2691D12192F32A00627A77 /* LaunchScreen.storyboard */,
				DD2691D42192F32A00627A77 /* Info.plist */,
			);
			path = TabBarsReloj;
			sourceTree = "<group>";
		};
		DD2691DA2192F6ED00627A77 /* WorldClockViewController */ = {
			isa = PBXGroup;
			children = (
				DD2691EF2192F7B700627A77 /* WorldClockViewController.swift */,
				DD2691F02192F7B700627A77 /* WorldClockViewController.xib */,
			);
			path = WorldClockViewController;
			sourceTree = "<group>";
		};
		DD2691DB2192F70500627A77 /* AlarmViewController */ = {
			isa = PBXGroup;
			children = (
				DD2691EB2192F79E00627A77 /* AlarmViewController.swift */,
				DD2691EC2192F79E00627A77 /* AlarmViewController.xib */,
			);
			path = AlarmViewController;
			sourceTree = "<group>";
		};
		DD2691DC2192F71200627A77 /* BedtimeViewController */ = {
			isa = PBXGroup;
			children = (
				DD2691E72192F78E00627A77 /* BedtimeViewController.swift */,
				DD2691E82192F78E00627A77 /* BedtimeViewController.xib */,
			);
			path = BedtimeViewController;
			sourceTree = "<group>";
		};
		DD2691DD2192F71E00627A77 /* StopwatchViewController */ = {
			isa = PBXGroup;
			children = (
				DD2691E32192F77E00627A77 /* StopwatchViewController.swift */,
				DD2691E42192F77E00627A77 /* StopwatchViewController.xib */,
			);
			path = StopwatchViewController;
			sourceTree = "<group>";
		};
		DD2691DE2192F72600627A77 /* TimerViewController */ = {
			isa = PBXGroup;
			children = (
				DD2691DF2192F76500627A77 /* TimerViewController.swift */,
				DD2691E02192F76500627A77 /* TimerViewController.xib */,
			);
			path = TimerViewController;
			sourceTree = "<group>";
		};
		DD26921421930E6200627A77 /* Models */ = {
			isa = PBXGroup;
			children = (
				DD26921521930E8A00627A77 /* Post.swift */,
			);
			path = Models;
			sourceTree = "<group>";
		};
/* End PBXGroup section */

/* Begin PBXNativeTarget section */
		DD2691C42192F32700627A77 /* TabBarsReloj */ = {
			isa = PBXNativeTarget;
			buildConfigurationList = DD2691D72192F32A00627A77 /* Build configuration list for PBXNativeTarget "TabBarsReloj" */;
			buildPhases = (
				502CA05ACD52E2A35F327049 /* [CP] Check Pods Manifest.lock */,
				DD2691C12192F32700627A77 /* Sources */,
				DD2691C22192F32700627A77 /* Frameworks */,
				DD2691C32192F32700627A77 /* Resources */,
				093791FF026E05316944A0F2 /* [CP] Embed Pods Frameworks */,
			);
			buildRules = (
			);
			dependencies = (
			);
			name = TabBarsReloj;
			productName = TabBarsReloj;
			productReference = DD2691C52192F32700627A77 /* TabBarsReloj.app */;
			productType = "com.apple.product-type.application";
		};
/* End PBXNativeTarget section */

/* Begin PBXProject section */
		DD2691BD2192F32700627A77 /* Project object */ = {
			isa = PBXProject;
			attributes = {
				LastSwiftUpdateCheck = 0930;
				LastUpgradeCheck = 0930;
				ORGANIZATIONNAME = "IGNACIO OLAGORTA VERA";
				TargetAttributes = {
					DD2691C42192F32700627A77 = {
						CreatedOnToolsVersion = 9.3;
					};
				};
			};
			buildConfigurationList = DD2691C02192F32700627A77 /* Build configuration list for PBXProject "TabBarsReloj" */;
			compatibilityVersion = "Xcode 9.3";
			developmentRegion = en;
			hasScannedForEncodings = 0;
			knownRegions = (
				en,
				Base,
			);
			mainGroup = DD2691BC2192F32700627A77;
			productRefGroup = DD2691C62192F32700627A77 /* Products */;
			projectDirPath = "";
			projectRoot = "";
			targets = (
				DD2691C42192F32700627A77 /* TabBarsReloj */,
			);
		};
/* End PBXProject section */

/* Begin PBXResourcesBuildPhase section */
		DD2691C32192F32700627A77 /* Resources */ = {
			isa = PBXResourcesBuildPhase;
			buildActionMask = 2147483647;
			files = (
				DD2691EE2192F79E00627A77 /* AlarmViewController.xib in Resources */,
				DD2691F22192F7B700627A77 /* WorldClockViewController.xib in Resources */,
				DD2691EA2192F78E00627A77 /* BedtimeViewController.xib in Resources */,
				DD2691E62192F77E00627A77 /* StopwatchViewController.xib in Resources */,
				DD2691E22192F76500627A77 /* TimerViewController.xib in Resources */,
				DD2691D32192F32A00627A77 /* LaunchScreen.storyboard in Resources */,
				DD2691D02192F32A00627A77 /* Assets.xcassets in Resources */,
			);
			runOnlyForDeploymentPostprocessing = 0;
		};
/* End PBXResourcesBuildPhase section */

/* Begin PBXShellScriptBuildPhase section */
		093791FF026E05316944A0F2 /* [CP] Embed Pods Frameworks */ = {
			isa = PBXShellScriptBuildPhase;
			buildActionMask = 2147483647;
			files = (
			);
			inputFileListPaths = (
			);
			inputPaths = (
				"${SRCROOT}/Pods/Target Support Files/Pods-TabBarsReloj/Pods-TabBarsReloj-frameworks.sh",
				"${BUILT_PRODUCTS_DIR}/Alamofire/Alamofire.framework",
			);
			name = "[CP] Embed Pods Frameworks";
			outputFileListPaths = (
			);
			outputPaths = (
				"${TARGET_BUILD_DIR}/${FRAMEWORKS_FOLDER_PATH}/Alamofire.framework",
			);
			runOnlyForDeploymentPostprocessing = 0;
			shellPath = /bin/sh;
			shellScript = "\"${SRCROOT}/Pods/Target Support Files/Pods-TabBarsReloj/Pods-TabBarsReloj-frameworks.sh\"\n";
			showEnvVarsInLog = 0;
		};
		502CA05ACD52E2A35F327049 /* [CP] Check Pods Manifest.lock */ = {
			isa = PBXShellScriptBuildPhase;
			buildActionMask = 2147483647;
			files = (
			);
			inputFileListPaths = (
			);
			inputPaths = (
				"${PODS_PODFILE_DIR_PATH}/Podfile.lock",
				"${PODS_ROOT}/Manifest.lock",
			);
			name = "[CP] Check Pods Manifest.lock";
			outputFileListPaths = (
			);
			outputPaths = (
				"$(DERIVED_FILE_DIR)/Pods-TabBarsReloj-checkManifestLockResult.txt",
			);
			runOnlyForDeploymentPostprocessing = 0;
			shellPath = /bin/sh;
			shellScript = "diff \"${PODS_PODFILE_DIR_PATH}/Podfile.lock\" \"${PODS_ROOT}/Manifest.lock\" > /dev/null\nif [ $? != 0 ] ; then\n    # print error to STDERR\n    echo \"error: The sandbox is not in sync with the Podfile.lock. Run 'pod install' or update your CocoaPods installation.\" >&2\n    exit 1\nfi\n# This output is used by Xcode 'outputs' to avoid re-running this script phase.\necho \"SUCCESS\" > \"${SCRIPT_OUTPUT_FILE_0}\"\n";
			showEnvVarsInLog = 0;
		};
/* End PBXShellScriptBuildPhase section */

/* Begin PBXSourcesBuildPhase section */
		DD2691C12192F32700627A77 /* Sources */ = {
			isa = PBXSourcesBuildPhase;
			buildActionMask = 2147483647;
			files = (
				DD2691F12192F7B700627A77 /* WorldClockViewController.swift in Sources */,
				DD2691ED2192F79E00627A77 /* AlarmViewController.swift in Sources */,
				DD2691E52192F77E00627A77 /* StopwatchViewController.swift in Sources */,
				DD2691E12192F76500627A77 /* TimerViewController.swift in Sources */,
				DD2691C92192F32700627A77 /* AppDelegate.swift in Sources */,
				DD26921621930E8A00627A77 /* Post.swift in Sources */,
				DD2691E92192F78E00627A77 /* BedtimeViewController.swift in Sources */,
			);
			runOnlyForDeploymentPostprocessing = 0;
		};
/* End PBXSourcesBuildPhase section */

/* Begin PBXVariantGroup section */
		DD2691D12192F32A00627A77 /* LaunchScreen.storyboard */ = {
			isa = PBXVariantGroup;
			children = (
				DD2691D22192F32A00627A77 /* Base */,
			);
			name = LaunchScreen.storyboard;
			sourceTree = "<group>";
		};
/* End PBXVariantGroup section */

/* Begin XCBuildConfiguration section */
		DD2691D52192F32A00627A77 /* Debug */ = {
			isa = XCBuildConfiguration;
			buildSettings = {
				ALWAYS_SEARCH_USER_PATHS = NO;
				CLANG_ANALYZER_NONNULL = YES;
				CLANG_ANALYZER_NUMBER_OBJECT_CONVERSION = YES_AGGRESSIVE;
				CLANG_CXX_LANGUAGE_STANDARD = "gnu++14";
				CLANG_CXX_LIBRARY = "libc++";
				CLANG_ENABLE_MODULES = YES;
				CLANG_ENABLE_OBJC_ARC = YES;
				CLANG_ENABLE_OBJC_WEAK = YES;
				CLANG_WARN_BLOCK_CAPTURE_AUTORELEASING = YES;
				CLANG_WARN_BOOL_CONVERSION = YES;
				CLANG_WARN_COMMA = YES;
				CLANG_WARN_CONSTANT_CONVERSION = YES;
				CLANG_WARN_DEPRECATED_OBJC_IMPLEMENTATIONS = YES;
				CLANG_WARN_DIRECT_OBJC_ISA_USAGE = YES_ERROR;
				CLANG_WARN_DOCUMENTATION_COMMENTS = YES;
				CLANG_WARN_EMPTY_BODY = YES;
				CLANG_WARN_ENUM_CONVERSION = YES;
				CLANG_WARN_INFINITE_RECURSION = YES;
				CLANG_WARN_INT_CONVERSION = YES;
				CLANG_WARN_NON_LITERAL_NULL_CONVERSION = YES;
				CLANG_WARN_OBJC_IMPLICIT_RETAIN_SELF = YES;
				CLANG_WARN_OBJC_LITERAL_CONVERSION = YES;
				CLANG_WARN_OBJC_ROOT_CLASS = YES_ERROR;
				CLANG_WARN_RANGE_LOOP_ANALYSIS = YES;
				CLANG_WARN_STRICT_PROTOTYPES = YES;
				CLANG_WARN_SUSPICIOUS_MOVE = YES;
				CLANG_WARN_UNGUARDED_AVAILABILITY = YES_AGGRESSIVE;
				CLANG_WARN_UNREACHABLE_CODE = YES;
				CLANG_WARN__DUPLICATE_METHOD_MATCH = YES;
				CODE_SIGN_IDENTITY = "iPhone Developer";
				COPY_PHASE_STRIP = NO;
				DEBUG_INFORMATION_FORMAT = dwarf;
				ENABLE_STRICT_OBJC_MSGSEND = YES;
				ENABLE_TESTABILITY = YES;
				GCC_C_LANGUAGE_STANDARD = gnu11;
				GCC_DYNAMIC_NO_PIC = NO;
				GCC_NO_COMMON_BLOCKS = YES;
				GCC_OPTIMIZATION_LEVEL = 0;
				GCC_PREPROCESSOR_DEFINITIONS = (
					"DEBUG=1",
					"$(inherited)",
				);
				GCC_WARN_64_TO_32_BIT_CONVERSION = YES;
				GCC_WARN_ABOUT_RETURN_TYPE = YES_ERROR;
				GCC_WARN_UNDECLARED_SELECTOR = YES;
				GCC_WARN_UNINITIALIZED_AUTOS = YES_AGGRESSIVE;
				GCC_WARN_UNUSED_FUNCTION = YES;
				GCC_WARN_UNUSED_VARIABLE = YES;
				IPHONEOS_DEPLOYMENT_TARGET = 11.3;
				MTL_ENABLE_DEBUG_INFO = YES;
				ONLY_ACTIVE_ARCH = YES;
				SDKROOT = iphoneos;
				SWIFT_ACTIVE_COMPILATION_CONDITIONS = DEBUG;
				SWIFT_OPTIMIZATION_LEVEL = "-Onone";
			};
			name = Debug;
		};
		DD2691D62192F32A00627A77 /* Release */ = {
			isa = XCBuildConfiguration;
			buildSettings = {
				ALWAYS_SEARCH_USER_PATHS = NO;
				CLANG_ANALYZER_NONNULL = YES;
				CLANG_ANALYZER_NUMBER_OBJECT_CONVERSION = YES_AGGRESSIVE;
				CLANG_CXX_LANGUAGE_STANDARD = "gnu++14";
				CLANG_CXX_LIBRARY = "libc++";
				CLANG_ENABLE_MODULES = YES;
				CLANG_ENABLE_OBJC_ARC = YES;
				CLANG_ENABLE_OBJC_WEAK = YES;
				CLANG_WARN_BLOCK_CAPTURE_AUTORELEASING = YES;
				CLANG_WARN_BOOL_CONVERSION = YES;
				CLANG_WARN_COMMA = YES;
				CLANG_WARN_CONSTANT_CONVERSION = YES;
				CLANG_WARN_DEPRECATED_OBJC_IMPLEMENTATIONS = YES;
				CLANG_WARN_DIRECT_OBJC_ISA_USAGE = YES_ERROR;
				CLANG_WARN_DOCUMENTATION_COMMENTS = YES;
				CLANG_WARN_EMPTY_BODY = YES;
				CLANG_WARN_ENUM_CONVERSION = YES;
				CLANG_WARN_INFINITE_RECURSION = YES;
				CLANG_WARN_INT_CONVERSION = YES;
				CLANG_WARN_NON_LITERAL_NULL_CONVERSION = YES;
				CLANG_WARN_OBJC_IMPLICIT_RETAIN_SELF = YES;
				CLANG_WARN_OBJC_LITERAL_CONVERSION = YES;
				CLANG_WARN_OBJC_ROOT_CLASS = YES_ERROR;
				CLANG_WARN_RANGE_LOOP_ANALYSIS = YES;
				CLANG_WARN_STRICT_PROTOTYPES = YES;
				CLANG_WARN_SUSPICIOUS_MOVE = YES;
				CLANG_WARN_UNGUARDED_AVAILABILITY = YES_AGGRESSIVE;
				CLANG_WARN_UNREACHABLE_CODE = YES;
				CLANG_WARN__DUPLICATE_METHOD_MATCH = YES;
				CODE_SIGN_IDENTITY = "iPhone Developer";
				COPY_PHASE_STRIP = NO;
				DEBUG_INFORMATION_FORMAT = "dwarf-with-dsym";
				ENABLE_NS_ASSERTIONS = NO;
				ENABLE_STRICT_OBJC_MSGSEND = YES;
				GCC_C_LANGUAGE_STANDARD = gnu11;
				GCC_NO_COMMON_BLOCKS = YES;
				GCC_WARN_64_TO_32_BIT_CONVERSION = YES;
				GCC_WARN_ABOUT_RETURN_TYPE = YES_ERROR;
				GCC_WARN_UNDECLARED_SELECTOR = YES;
				GCC_WARN_UNINITIALIZED_AUTOS = YES_AGGRESSIVE;
				GCC_WARN_UNUSED_FUNCTION = YES;
				GCC_WARN_UNUSED_VARIABLE = YES;
				IPHONEOS_DEPLOYMENT_TARGET = 11.3;
				MTL_ENABLE_DEBUG_INFO = NO;
				SDKROOT = iphoneos;
				SWIFT_COMPILATION_MODE = wholemodule;
				SWIFT_OPTIMIZATION_LEVEL = "-O";
				VALIDATE_PRODUCT = YES;
			};
			name = Release;
		};
		DD2691D82192F32A00627A77 /* Debug */ = {
			isa = XCBuildConfiguration;
			baseConfigurationReference = F1C8DD59DFAF228060D60229 /* Pods-TabBarsReloj.debug.xcconfig */;
			buildSettings = {
				ASSETCATALOG_COMPILER_APPICON_NAME = AppIcon;
				CODE_SIGN_STYLE = Automatic;
				INFOPLIST_FILE = TabBarsReloj/Info.plist;
				LD_RUNPATH_SEARCH_PATHS = (
					"$(inherited)",
					"@executable_path/Frameworks",
				);
				PRODUCT_BUNDLE_IDENTIFIER = utad.TabBarsReloj;
				PRODUCT_NAME = "$(TARGET_NAME)";
				SWIFT_VERSION = 4.0;
				TARGETED_DEVICE_FAMILY = "1,2";
			};
			name = Debug;
		};
		DD2691D92192F32A00627A77 /* Release */ = {
			isa = XCBuildConfiguration;
			baseConfigurationReference = 470DC11DEAD03150D533F265 /* Pods-TabBarsReloj.release.xcconfig */;
			buildSettings = {
				ASSETCATALOG_COMPILER_APPICON_NAME = AppIcon;
				CODE_SIGN_STYLE = Automatic;
				INFOPLIST_FILE = TabBarsReloj/Info.plist;
				LD_RUNPATH_SEARCH_PATHS = (
					"$(inherited)",
					"@executable_path/Frameworks",
				);
				PRODUCT_BUNDLE_IDENTIFIER = utad.TabBarsReloj;
				PRODUCT_NAME = "$(TARGET_NAME)";
				SWIFT_VERSION = 4.0;
				TARGETED_DEVICE_FAMILY = "1,2";
			};
			name = Release;
		};
/* End XCBuildConfiguration section */

/* Begin XCConfigurationList section */
		DD2691C02192F32700627A77 /* Build configuration list for PBXProject "TabBarsReloj" */ = {
			isa = XCConfigurationList;
			buildConfigurations = (
				DD2691D52192F32A00627A77 /* Debug */,
				DD2691D62192F32A00627A77 /* Release */,
			);
			defaultConfigurationIsVisible = 0;
			defaultConfigurationName = Release;
		};
		DD2691D72192F32A00627A77 /* Build configuration list for PBXNativeTarget "TabBarsReloj" */ = {
			isa = XCConfigurationList;
			buildConfigurations = (
				DD2691D82192F32A00627A77 /* Debug */,
				DD2691D92192F32A00627A77 /* Release */,
			);
			defaultConfigurationIsVisible = 0;
			defaultConfigurationName = Release;
		};
/* End XCConfigurationList section */
	};
	rootObject = DD2691BD2192F32700627A77 /* Project object */;
}
